// !$*UTF8*$!
{
	archiveVersion = 1;
	classes = {
	};
	objectVersion = 52;
	objects = {

/* Begin PBXBuildFile section */
		1744383B26F90FBF006CD839 /* GoogleService-Info.plist in Resources */ = {isa = PBXBuildFile; fileRef = 1744383A26F90FBF006CD839 /* GoogleService-Info.plist */; };
		175594C626F8B43500B1F767 /* AppDelegate.swift in Sources */ = {isa = PBXBuildFile; fileRef = 175594C526F8B43500B1F767 /* AppDelegate.swift */; };
		175594CA26F8B43500B1F767 /* ViewController.swift in Sources */ = {isa = PBXBuildFile; fileRef = 175594C926F8B43500B1F767 /* ViewController.swift */; };
		175594CD26F8B43500B1F767 /* Main.storyboard in Resources */ = {isa = PBXBuildFile; fileRef = 175594CB26F8B43500B1F767 /* Main.storyboard */; };
		175594CF26F8B43600B1F767 /* Assets.xcassets in Resources */ = {isa = PBXBuildFile; fileRef = 175594CE26F8B43600B1F767 /* Assets.xcassets */; };
		175594D226F8B43600B1F767 /* LaunchScreen.storyboard in Resources */ = {isa = PBXBuildFile; fileRef = 175594D026F8B43600B1F767 /* LaunchScreen.storyboard */; };
		175594E026F8B45400B1F767 /* AppDelegate.swift in Sources */ = {isa = PBXBuildFile; fileRef = 175594DF26F8B45400B1F767 /* AppDelegate.swift */; };
		175594E426F8B45400B1F767 /* ViewController.swift in Sources */ = {isa = PBXBuildFile; fileRef = 175594E326F8B45400B1F767 /* ViewController.swift */; };
		175594E726F8B45400B1F767 /* Main.storyboard in Resources */ = {isa = PBXBuildFile; fileRef = 175594E526F8B45400B1F767 /* Main.storyboard */; };
		175594EC26F8B45500B1F767 /* LaunchScreen.storyboard in Resources */ = {isa = PBXBuildFile; fileRef = 175594EA26F8B45500B1F767 /* LaunchScreen.storyboard */; };
		175594F226F8B46E00B1F767 /* Assets.xcassets in Resources */ = {isa = PBXBuildFile; fileRef = 175594CE26F8B43600B1F767 /* Assets.xcassets */; };
		176E6AF426F9318800EADB06 /* Stripe in Frameworks */ = {isa = PBXBuildFile; productRef = 176E6AF326F9318800EADB06 /* Stripe */; };
		176E6AF626F9359B00EADB06 /* LoginStoryboard.storyboard in Resources */ = {isa = PBXBuildFile; fileRef = 176E6AF526F9359B00EADB06 /* LoginStoryboard.storyboard */; };
		176E6AFE26F9432100EADB06 /* LoginVC.swift in Sources */ = {isa = PBXBuildFile; fileRef = 176E6AFD26F9432100EADB06 /* LoginVC.swift */; };
		176E6B0026F9433C00EADB06 /* RegisterVC.swift in Sources */ = {isa = PBXBuildFile; fileRef = 176E6AFF26F9433C00EADB06 /* RegisterVC.swift */; };
		17F27FA026FA0F93007E9C35 /* Extensions.swift in Sources */ = {isa = PBXBuildFile; fileRef = 17F27F9F26FA0F93007E9C35 /* Extensions.swift */; };
		17F27FA226FA16DD007E9C35 /* Constants.swift in Sources */ = {isa = PBXBuildFile; fileRef = 17F27FA126FA16DD007E9C35 /* Constants.swift */; };
		17F27FA526FA1C0F007E9C35 /* RoundedViews.swift in Sources */ = {isa = PBXBuildFile; fileRef = 17F27FA426FA1C0F007E9C35 /* RoundedViews.swift */; };
		1E1F38DE3D5CD37044F02646 /* Pods_TiendaAdmin.framework in Frameworks */ = {isa = PBXBuildFile; fileRef = 75479150493CF9175C1E750E /* Pods_TiendaAdmin.framework */; };
		E2996FA27D5ED01793232484 /* Pods_Tienda.framework in Frameworks */ = {isa = PBXBuildFile; fileRef = 0439E81CD13C0070DA8B5B00 /* Pods_Tienda.framework */; };
/* End PBXBuildFile section */

/* Begin PBXFileReference section */
		0439E81CD13C0070DA8B5B00 /* Pods_Tienda.framework */ = {isa = PBXFileReference; explicitFileType = wrapper.framework; includeInIndex = 0; path = Pods_Tienda.framework; sourceTree = BUILT_PRODUCTS_DIR; };
		1744383A26F90FBF006CD839 /* GoogleService-Info.plist */ = {isa = PBXFileReference; fileEncoding = 4; lastKnownFileType = text.plist.xml; path = "GoogleService-Info.plist"; sourceTree = "<group>"; };
		175594C226F8B43500B1F767 /* Tienda.app */ = {isa = PBXFileReference; explicitFileType = wrapper.application; includeInIndex = 0; path = Tienda.app; sourceTree = BUILT_PRODUCTS_DIR; };
		175594C526F8B43500B1F767 /* AppDelegate.swift */ = {isa = PBXFileReference; lastKnownFileType = sourcecode.swift; path = AppDelegate.swift; sourceTree = "<group>"; };
		175594C926F8B43500B1F767 /* ViewController.swift */ = {isa = PBXFileReference; lastKnownFileType = sourcecode.swift; path = ViewController.swift; sourceTree = "<group>"; };
		175594CC26F8B43500B1F767 /* Base */ = {isa = PBXFileReference; lastKnownFileType = file.storyboard; name = Base; path = Base.lproj/Main.storyboard; sourceTree = "<group>"; };
		175594CE26F8B43600B1F767 /* Assets.xcassets */ = {isa = PBXFileReference; lastKnownFileType = folder.assetcatalog; path = Assets.xcassets; sourceTree = "<group>"; };
		175594D126F8B43600B1F767 /* Base */ = {isa = PBXFileReference; lastKnownFileType = file.storyboard; name = Base; path = Base.lproj/LaunchScreen.storyboard; sourceTree = "<group>"; };
		175594D326F8B43600B1F767 /* Info.plist */ = {isa = PBXFileReference; lastKnownFileType = text.plist.xml; path = Info.plist; sourceTree = "<group>"; };
		175594DD26F8B45400B1F767 /* TiendaAdmin.app */ = {isa = PBXFileReference; explicitFileType = wrapper.application; includeInIndex = 0; path = TiendaAdmin.app; sourceTree = BUILT_PRODUCTS_DIR; };
		175594DF26F8B45400B1F767 /* AppDelegate.swift */ = {isa = PBXFileReference; lastKnownFileType = sourcecode.swift; path = AppDelegate.swift; sourceTree = "<group>"; };
		175594E326F8B45400B1F767 /* ViewController.swift */ = {isa = PBXFileReference; lastKnownFileType = sourcecode.swift; path = ViewController.swift; sourceTree = "<group>"; };
		175594E626F8B45400B1F767 /* Base */ = {isa = PBXFileReference; lastKnownFileType = file.storyboard; name = Base; path = Base.lproj/Main.storyboard; sourceTree = "<group>"; };
		175594EB26F8B45500B1F767 /* Base */ = {isa = PBXFileReference; lastKnownFileType = file.storyboard; name = Base; path = Base.lproj/LaunchScreen.storyboard; sourceTree = "<group>"; };
		175594ED26F8B45500B1F767 /* Info.plist */ = {isa = PBXFileReference; lastKnownFileType = text.plist.xml; path = Info.plist; sourceTree = "<group>"; };
		176E6AF526F9359B00EADB06 /* LoginStoryboard.storyboard */ = {isa = PBXFileReference; lastKnownFileType = file.storyboard; path = LoginStoryboard.storyboard; sourceTree = "<group>"; };
		176E6AFD26F9432100EADB06 /* LoginVC.swift */ = {isa = PBXFileReference; lastKnownFileType = sourcecode.swift; path = LoginVC.swift; sourceTree = "<group>"; };
		176E6AFF26F9433C00EADB06 /* RegisterVC.swift */ = {isa = PBXFileReference; lastKnownFileType = sourcecode.swift; path = RegisterVC.swift; sourceTree = "<group>"; };
		17F27F9F26FA0F93007E9C35 /* Extensions.swift */ = {isa = PBXFileReference; lastKnownFileType = sourcecode.swift; path = Extensions.swift; sourceTree = "<group>"; };
		17F27FA126FA16DD007E9C35 /* Constants.swift */ = {isa = PBXFileReference; lastKnownFileType = sourcecode.swift; path = Constants.swift; sourceTree = "<group>"; };
		17F27FA426FA1C0F007E9C35 /* RoundedViews.swift */ = {isa = PBXFileReference; lastKnownFileType = sourcecode.swift; path = RoundedViews.swift; sourceTree = "<group>"; };
		19216ECA7282E35E0220D677 /* Pods-Tienda.release.xcconfig */ = {isa = PBXFileReference; includeInIndex = 1; lastKnownFileType = text.xcconfig; name = "Pods-Tienda.release.xcconfig"; path = "Target Support Files/Pods-Tienda/Pods-Tienda.release.xcconfig"; sourceTree = "<group>"; };
		75479150493CF9175C1E750E /* Pods_TiendaAdmin.framework */ = {isa = PBXFileReference; explicitFileType = wrapper.framework; includeInIndex = 0; path = Pods_TiendaAdmin.framework; sourceTree = BUILT_PRODUCTS_DIR; };
		C0188D3547FD3CA1CEAB1955 /* Pods-Tienda.debug.xcconfig */ = {isa = PBXFileReference; includeInIndex = 1; lastKnownFileType = text.xcconfig; name = "Pods-Tienda.debug.xcconfig"; path = "Target Support Files/Pods-Tienda/Pods-Tienda.debug.xcconfig"; sourceTree = "<group>"; };
		CC3918DB1F687A604BCDE375 /* Pods-TiendaAdmin.debug.xcconfig */ = {isa = PBXFileReference; includeInIndex = 1; lastKnownFileType = text.xcconfig; name = "Pods-TiendaAdmin.debug.xcconfig"; path = "Target Support Files/Pods-TiendaAdmin/Pods-TiendaAdmin.debug.xcconfig"; sourceTree = "<group>"; };
		D3A6DD28B0F8524D27BC11E5 /* Pods-TiendaAdmin.release.xcconfig */ = {isa = PBXFileReference; includeInIndex = 1; lastKnownFileType = text.xcconfig; name = "Pods-TiendaAdmin.release.xcconfig"; path = "Target Support Files/Pods-TiendaAdmin/Pods-TiendaAdmin.release.xcconfig"; sourceTree = "<group>"; };
/* End PBXFileReference section */

/* Begin PBXFrameworksBuildPhase section */
		175594BF26F8B43500B1F767 /* Frameworks */ = {
			isa = PBXFrameworksBuildPhase;
			buildActionMask = 2147483647;
			files = (
				E2996FA27D5ED01793232484 /* Pods_Tienda.framework in Frameworks */,
				176E6AF426F9318800EADB06 /* Stripe in Frameworks */,
			);
			runOnlyForDeploymentPostprocessing = 0;
		};
		175594DA26F8B45400B1F767 /* Frameworks */ = {
			isa = PBXFrameworksBuildPhase;
			buildActionMask = 2147483647;
			files = (
				1E1F38DE3D5CD37044F02646 /* Pods_TiendaAdmin.framework in Frameworks */,
			);
			runOnlyForDeploymentPostprocessing = 0;
		};
/* End PBXFrameworksBuildPhase section */

/* Begin PBXGroup section */
		0F4294E78ED745EC1432FE6C /* Pods */ = {
			isa = PBXGroup;
			children = (
				C0188D3547FD3CA1CEAB1955 /* Pods-Tienda.debug.xcconfig */,
				19216ECA7282E35E0220D677 /* Pods-Tienda.release.xcconfig */,
				CC3918DB1F687A604BCDE375 /* Pods-TiendaAdmin.debug.xcconfig */,
				D3A6DD28B0F8524D27BC11E5 /* Pods-TiendaAdmin.release.xcconfig */,
			);
			path = Pods;
			sourceTree = "<group>";
		};
		175594B926F8B43500B1F767 = {
			isa = PBXGroup;
			children = (
				175594F126F8B45C00B1F767 /* Shared */,
				175594C426F8B43500B1F767 /* Tienda */,
				175594DE26F8B45400B1F767 /* TiendaAdmin */,
				175594C326F8B43500B1F767 /* Products */,
				0F4294E78ED745EC1432FE6C /* Pods */,
				DA9E1F0B9FF52D7022639342 /* Frameworks */,
			);
			sourceTree = "<group>";
		};
		175594C326F8B43500B1F767 /* Products */ = {
			isa = PBXGroup;
			children = (
				175594C226F8B43500B1F767 /* Tienda.app */,
				175594DD26F8B45400B1F767 /* TiendaAdmin.app */,
			);
			name = Products;
			sourceTree = "<group>";
		};
		175594C426F8B43500B1F767 /* Tienda */ = {
			isa = PBXGroup;
			children = (
				176E6AFA26F942B200EADB06 /* Storyboards */,
				176E6AF926F942AA00EADB06 /* Controller */,
				176E6AF826F942A000EADB06 /* View */,
				176E6AF726F9429100EADB06 /* Model */,
				175594D326F8B43600B1F767 /* Info.plist */,
				1744383A26F90FBF006CD839 /* GoogleService-Info.plist */,
			);
			path = Tienda;
			sourceTree = "<group>";
		};
		175594DE26F8B45400B1F767 /* TiendaAdmin */ = {
			isa = PBXGroup;
			children = (
				175594DF26F8B45400B1F767 /* AppDelegate.swift */,
				175594E326F8B45400B1F767 /* ViewController.swift */,
				175594E526F8B45400B1F767 /* Main.storyboard */,
				175594EA26F8B45500B1F767 /* LaunchScreen.storyboard */,
				175594ED26F8B45500B1F767 /* Info.plist */,
			);
			path = TiendaAdmin;
			sourceTree = "<group>";
		};
		175594F126F8B45C00B1F767 /* Shared */ = {
			isa = PBXGroup;
			children = (
				17F27FA326FA1C02007E9C35 /* View */,
				17F27F9E26FA0F82007E9C35 /* Utils */,
				175594CE26F8B43600B1F767 /* Assets.xcassets */,
			);
			path = Shared;
			sourceTree = "<group>";
		};
		176E6AF726F9429100EADB06 /* Model */ = {
			isa = PBXGroup;
			children = (
			);
			path = Model;
			sourceTree = "<group>";
		};
		176E6AF826F942A000EADB06 /* View */ = {
			isa = PBXGroup;
			children = (
			);
			path = View;
			sourceTree = "<group>";
		};
		176E6AF926F942AA00EADB06 /* Controller */ = {
			isa = PBXGroup;
			children = (
				175594C926F8B43500B1F767 /* ViewController.swift */,
				175594C526F8B43500B1F767 /* AppDelegate.swift */,
				176E6AFD26F9432100EADB06 /* LoginVC.swift */,
				176E6AFF26F9433C00EADB06 /* RegisterVC.swift */,
			);
			path = Controller;
			sourceTree = "<group>";
		};
		176E6AFA26F942B200EADB06 /* Storyboards */ = {
			isa = PBXGroup;
			children = (
				176E6AF526F9359B00EADB06 /* LoginStoryboard.storyboard */,
				175594CB26F8B43500B1F767 /* Main.storyboard */,
				175594D026F8B43600B1F767 /* LaunchScreen.storyboard */,
			);
			path = Storyboards;
			sourceTree = "<group>";
		};
		17F27F9E26FA0F82007E9C35 /* Utils */ = {
			isa = PBXGroup;
			children = (
				17F27F9F26FA0F93007E9C35 /* Extensions.swift */,
				17F27FA126FA16DD007E9C35 /* Constants.swift */,
			);
			path = Utils;
			sourceTree = "<group>";
		};
		17F27FA326FA1C02007E9C35 /* View */ = {
			isa = PBXGroup;
			children = (
				17F27FA426FA1C0F007E9C35 /* RoundedViews.swift */,
			);
			path = View;
			sourceTree = "<group>";
		};
		DA9E1F0B9FF52D7022639342 /* Frameworks */ = {
			isa = PBXGroup;
			children = (
				0439E81CD13C0070DA8B5B00 /* Pods_Tienda.framework */,
				75479150493CF9175C1E750E /* Pods_TiendaAdmin.framework */,
			);
			name = Frameworks;
			sourceTree = "<group>";
		};
/* End PBXGroup section */

/* Begin PBXNativeTarget section */
		175594C126F8B43500B1F767 /* Tienda */ = {
			isa = PBXNativeTarget;
			buildConfigurationList = 175594D626F8B43600B1F767 /* Build configuration list for PBXNativeTarget "Tienda" */;
			buildPhases = (
				5C9A954F8CD0DFA199868810 /* [CP] Check Pods Manifest.lock */,
				175594BE26F8B43500B1F767 /* Sources */,
				175594BF26F8B43500B1F767 /* Frameworks */,
				175594C026F8B43500B1F767 /* Resources */,
				7D84A426EC7DE9A3249BFA23 /* [CP] Embed Pods Frameworks */,
			);
			buildRules = (
			);
			dependencies = (
			);
			name = Tienda;
			packageProductDependencies = (
				176E6AF326F9318800EADB06 /* Stripe */,
			);
			productName = Tienda;
			productReference = 175594C226F8B43500B1F767 /* Tienda.app */;
			productType = "com.apple.product-type.application";
		};
		175594DC26F8B45400B1F767 /* TiendaAdmin */ = {
			isa = PBXNativeTarget;
			buildConfigurationList = 175594EE26F8B45500B1F767 /* Build configuration list for PBXNativeTarget "TiendaAdmin" */;
			buildPhases = (
				D1D685E4233F5FDB169D1BB7 /* [CP] Check Pods Manifest.lock */,
				175594D926F8B45400B1F767 /* Sources */,
				175594DA26F8B45400B1F767 /* Frameworks */,
				175594DB26F8B45400B1F767 /* Resources */,
				1FD952BAB22B9D0383E806C8 /* [CP] Embed Pods Frameworks */,
			);
			buildRules = (
			);
			dependencies = (
			);
			name = TiendaAdmin;
			productName = TiendaAdmin;
			productReference = 175594DD26F8B45400B1F767 /* TiendaAdmin.app */;
			productType = "com.apple.product-type.application";
		};
/* End PBXNativeTarget section */

/* Begin PBXProject section */
		175594BA26F8B43500B1F767 /* Project object */ = {
			isa = PBXProject;
			attributes = {
				LastSwiftUpdateCheck = 1250;
				LastUpgradeCheck = 1250;
				TargetAttributes = {
					175594C126F8B43500B1F767 = {
						CreatedOnToolsVersion = 12.5.1;
					};
					175594DC26F8B45400B1F767 = {
						CreatedOnToolsVersion = 12.5.1;
					};
				};
			};
			buildConfigurationList = 175594BD26F8B43500B1F767 /* Build configuration list for PBXProject "Tienda" */;
			compatibilityVersion = "Xcode 9.3";
			developmentRegion = en;
			hasScannedForEncodings = 0;
			knownRegions = (
				en,
				Base,
			);
			mainGroup = 175594B926F8B43500B1F767;
			packageReferences = (
				176E6AF226F9318800EADB06 /* XCRemoteSwiftPackageReference "stripe-ios" */,
			);
			productRefGroup = 175594C326F8B43500B1F767 /* Products */;
			projectDirPath = "";
			projectRoot = "";
			targets = (
				175594C126F8B43500B1F767 /* Tienda */,
				175594DC26F8B45400B1F767 /* TiendaAdmin */,
			);
		};
/* End PBXProject section */

/* Begin PBXResourcesBuildPhase section */
		175594C026F8B43500B1F767 /* Resources */ = {
			isa = PBXResourcesBuildPhase;
			buildActionMask = 2147483647;
			files = (
				175594D226F8B43600B1F767 /* LaunchScreen.storyboard in Resources */,
				176E6AF626F9359B00EADB06 /* LoginStoryboard.storyboard in Resources */,
				1744383B26F90FBF006CD839 /* GoogleService-Info.plist in Resources */,
				175594CF26F8B43600B1F767 /* Assets.xcassets in Resources */,
				175594CD26F8B43500B1F767 /* Main.storyboard in Resources */,
			);
			runOnlyForDeploymentPostprocessing = 0;
		};
		175594DB26F8B45400B1F767 /* Resources */ = {
			isa = PBXResourcesBuildPhase;
			buildActionMask = 2147483647;
			files = (
				175594EC26F8B45500B1F767 /* LaunchScreen.storyboard in Resources */,
				175594F226F8B46E00B1F767 /* Assets.xcassets in Resources */,
				175594E726F8B45400B1F767 /* Main.storyboard in Resources */,
			);
			runOnlyForDeploymentPostprocessing = 0;
		};
/* End PBXResourcesBuildPhase section */

/* Begin PBXShellScriptBuildPhase section */
		1FD952BAB22B9D0383E806C8 /* [CP] Embed Pods Frameworks */ = {
			isa = PBXShellScriptBuildPhase;
			buildActionMask = 2147483647;
			files = (
			);
			inputFileListPaths = (
				"${PODS_ROOT}/Target Support Files/Pods-TiendaAdmin/Pods-TiendaAdmin-frameworks-${CONFIGURATION}-input-files.xcfilelist",
			);
			name = "[CP] Embed Pods Frameworks";
			outputFileListPaths = (
				"${PODS_ROOT}/Target Support Files/Pods-TiendaAdmin/Pods-TiendaAdmin-frameworks-${CONFIGURATION}-output-files.xcfilelist",
			);
			runOnlyForDeploymentPostprocessing = 0;
			shellPath = /bin/sh;
			shellScript = "\"${PODS_ROOT}/Target Support Files/Pods-TiendaAdmin/Pods-TiendaAdmin-frameworks.sh\"\n";
			showEnvVarsInLog = 0;
		};
		5C9A954F8CD0DFA199868810 /* [CP] Check Pods Manifest.lock */ = {
			isa = PBXShellScriptBuildPhase;
			buildActionMask = 2147483647;
			files = (
			);
			inputFileListPaths = (
			);
			inputPaths = (
				"${PODS_PODFILE_DIR_PATH}/Podfile.lock",
				"${PODS_ROOT}/Manifest.lock",
			);
			name = "[CP] Check Pods Manifest.lock";
			outputFileListPaths = (
			);
			outputPaths = (
				"$(DERIVED_FILE_DIR)/Pods-Tienda-checkManifestLockResult.txt",
			);
			runOnlyForDeploymentPostprocessing = 0;
			shellPath = /bin/sh;
			shellScript = "diff \"${PODS_PODFILE_DIR_PATH}/Podfile.lock\" \"${PODS_ROOT}/Manifest.lock\" > /dev/null\nif [ $? != 0 ] ; then\n    # print error to STDERR\n    echo \"error: The sandbox is not in sync with the Podfile.lock. Run 'pod install' or update your CocoaPods installation.\" >&2\n    exit 1\nfi\n# This output is used by Xcode 'outputs' to avoid re-running this script phase.\necho \"SUCCESS\" > \"${SCRIPT_OUTPUT_FILE_0}\"\n";
			showEnvVarsInLog = 0;
		};
		7D84A426EC7DE9A3249BFA23 /* [CP] Embed Pods Frameworks */ = {
			isa = PBXShellScriptBuildPhase;
			buildActionMask = 2147483647;
			files = (
			);
			inputFileListPaths = (
				"${PODS_ROOT}/Target Support Files/Pods-Tienda/Pods-Tienda-frameworks-${CONFIGURATION}-input-files.xcfilelist",
			);
			name = "[CP] Embed Pods Frameworks";
			outputFileListPaths = (
				"${PODS_ROOT}/Target Support Files/Pods-Tienda/Pods-Tienda-frameworks-${CONFIGURATION}-output-files.xcfilelist",
			);
			runOnlyForDeploymentPostprocessing = 0;
			shellPath = /bin/sh;
			shellScript = "\"${PODS_ROOT}/Target Support Files/Pods-Tienda/Pods-Tienda-frameworks.sh\"\n";
			showEnvVarsInLog = 0;
		};
		D1D685E4233F5FDB169D1BB7 /* [CP] Check Pods Manifest.lock */ = {
			isa = PBXShellScriptBuildPhase;
			buildActionMask = 2147483647;
			files = (
			);
			inputFileListPaths = (
			);
			inputPaths = (
				"${PODS_PODFILE_DIR_PATH}/Podfile.lock",
				"${PODS_ROOT}/Manifest.lock",
			);
			name = "[CP] Check Pods Manifest.lock";
			outputFileListPaths = (
			);
			outputPaths = (
				"$(DERIVED_FILE_DIR)/Pods-TiendaAdmin-checkManifestLockResult.txt",
			);
			runOnlyForDeploymentPostprocessing = 0;
			shellPath = /bin/sh;
			shellScript = "diff \"${PODS_PODFILE_DIR_PATH}/Podfile.lock\" \"${PODS_ROOT}/Manifest.lock\" > /dev/null\nif [ $? != 0 ] ; then\n    # print error to STDERR\n    echo \"error: The sandbox is not in sync with the Podfile.lock. Run 'pod install' or update your CocoaPods installation.\" >&2\n    exit 1\nfi\n# This output is used by Xcode 'outputs' to avoid re-running this script phase.\necho \"SUCCESS\" > \"${SCRIPT_OUTPUT_FILE_0}\"\n";
			showEnvVarsInLog = 0;
		};
/* End PBXShellScriptBuildPhase section */

/* Begin PBXSourcesBuildPhase section */
		175594BE26F8B43500B1F767 /* Sources */ = {
			isa = PBXSourcesBuildPhase;
			buildActionMask = 2147483647;
			files = (
				17F27FA026FA0F93007E9C35 /* Extensions.swift in Sources */,
				175594CA26F8B43500B1F767 /* ViewController.swift in Sources */,
				176E6B0026F9433C00EADB06 /* RegisterVC.swift in Sources */,
				175594C626F8B43500B1F767 /* AppDelegate.swift in Sources */,
				17F27FA526FA1C0F007E9C35 /* RoundedViews.swift in Sources */,
				176E6AFE26F9432100EADB06 /* LoginVC.swift in Sources */,
				17F27FA226FA16DD007E9C35 /* Constants.swift in Sources */,
			);
			runOnlyForDeploymentPostprocessing = 0;
		};
		175594D926F8B45400B1F767 /* Sources */ = {
			isa = PBXSourcesBuildPhase;
			buildActionMask = 2147483647;
			files = (
				175594E426F8B45400B1F767 /* ViewController.swift in Sources */,
				175594E026F8B45400B1F767 /* AppDelegate.swift in Sources */,
			);
			runOnlyForDeploymentPostprocessing = 0;
		};
/* End PBXSourcesBuildPhase section */

/* Begin PBXVariantGroup section */
		175594CB26F8B43500B1F767 /* Main.storyboard */ = {
			isa = PBXVariantGroup;
			children = (
				175594CC26F8B43500B1F767 /* Base */,
			);
			name = Main.storyboard;
			sourceTree = "<group>";
		};
		175594D026F8B43600B1F767 /* LaunchScreen.storyboard */ = {
			isa = PBXVariantGroup;
			children = (
				175594D126F8B43600B1F767 /* Base */,
			);
			name = LaunchScreen.storyboard;
			sourceTree = "<group>";
		};
		175594E526F8B45400B1F767 /* Main.storyboard */ = {
			isa = PBXVariantGroup;
			children = (
				175594E626F8B45400B1F767 /* Base */,
			);
			name = Main.storyboard;
			sourceTree = "<group>";
		};
		175594EA26F8B45500B1F767 /* LaunchScreen.storyboard */ = {
			isa = PBXVariantGroup;
			children = (
				175594EB26F8B45500B1F767 /* Base */,
			);
			name = LaunchScreen.storyboard;
			sourceTree = "<group>";
		};
/* End PBXVariantGroup section */

/* Begin XCBuildConfiguration section */
		175594D426F8B43600B1F767 /* Debug */ = {
			isa = XCBuildConfiguration;
			buildSettings = {
				ALWAYS_SEARCH_USER_PATHS = NO;
				CLANG_ANALYZER_NONNULL = YES;
				CLANG_ANALYZER_NUMBER_OBJECT_CONVERSION = YES_AGGRESSIVE;
				CLANG_CXX_LANGUAGE_STANDARD = "gnu++14";
				CLANG_CXX_LIBRARY = "libc++";
				CLANG_ENABLE_MODULES = YES;
				CLANG_ENABLE_OBJC_ARC = YES;
				CLANG_ENABLE_OBJC_WEAK = YES;
				CLANG_WARN_BLOCK_CAPTURE_AUTORELEASING = YES;
				CLANG_WARN_BOOL_CONVERSION = YES;
				CLANG_WARN_COMMA = YES;
				CLANG_WARN_CONSTANT_CONVERSION = YES;
				CLANG_WARN_DEPRECATED_OBJC_IMPLEMENTATIONS = YES;
				CLANG_WARN_DIRECT_OBJC_ISA_USAGE = YES_ERROR;
				CLANG_WARN_DOCUMENTATION_COMMENTS = YES;
				CLANG_WARN_EMPTY_BODY = YES;
				CLANG_WARN_ENUM_CONVERSION = YES;
				CLANG_WARN_INFINITE_RECURSION = YES;
				CLANG_WARN_INT_CONVERSION = YES;
				CLANG_WARN_NON_LITERAL_NULL_CONVERSION = YES;
				CLANG_WARN_OBJC_IMPLICIT_RETAIN_SELF = YES;
				CLANG_WARN_OBJC_LITERAL_CONVERSION = YES;
				CLANG_WARN_OBJC_ROOT_CLASS = YES_ERROR;
				CLANG_WARN_QUOTED_INCLUDE_IN_FRAMEWORK_HEADER = YES;
				CLANG_WARN_RANGE_LOOP_ANALYSIS = YES;
				CLANG_WARN_STRICT_PROTOTYPES = YES;
				CLANG_WARN_SUSPICIOUS_MOVE = YES;
				CLANG_WARN_UNGUARDED_AVAILABILITY = YES_AGGRESSIVE;
				CLANG_WARN_UNREACHABLE_CODE = YES;
				CLANG_WARN__DUPLICATE_METHOD_MATCH = YES;
				COPY_PHASE_STRIP = NO;
				DEBUG_INFORMATION_FORMAT = dwarf;
				ENABLE_STRICT_OBJC_MSGSEND = YES;
				ENABLE_TESTABILITY = YES;
				GCC_C_LANGUAGE_STANDARD = gnu11;
				GCC_DYNAMIC_NO_PIC = NO;
				GCC_NO_COMMON_BLOCKS = YES;
				GCC_OPTIMIZATION_LEVEL = 0;
				GCC_PREPROCESSOR_DEFINITIONS = (
					"DEBUG=1",
					"$(inherited)",
				);
				GCC_WARN_64_TO_32_BIT_CONVERSION = YES;
				GCC_WARN_ABOUT_RETURN_TYPE = YES_ERROR;
				GCC_WARN_UNDECLARED_SELECTOR = YES;
				GCC_WARN_UNINITIALIZED_AUTOS = YES_AGGRESSIVE;
				GCC_WARN_UNUSED_FUNCTION = YES;
				GCC_WARN_UNUSED_VARIABLE = YES;
				IPHONEOS_DEPLOYMENT_TARGET = 14.5;
				MTL_ENABLE_DEBUG_INFO = INCLUDE_SOURCE;
				MTL_FAST_MATH = YES;
				ONLY_ACTIVE_ARCH = YES;
				SDKROOT = iphoneos;
				SWIFT_ACTIVE_COMPILATION_CONDITIONS = DEBUG;
				SWIFT_OPTIMIZATION_LEVEL = "-Onone";
			};
			name = Debug;
		};
		175594D526F8B43600B1F767 /* Release */ = {
			isa = XCBuildConfiguration;
			buildSettings = {
				ALWAYS_SEARCH_USER_PATHS = NO;
				CLANG_ANALYZER_NONNULL = YES;
				CLANG_ANALYZER_NUMBER_OBJECT_CONVERSION = YES_AGGRESSIVE;
				CLANG_CXX_LANGUAGE_STANDARD = "gnu++14";
				CLANG_CXX_LIBRARY = "libc++";
				CLANG_ENABLE_MODULES = YES;
				CLANG_ENABLE_OBJC_ARC = YES;
				CLANG_ENABLE_OBJC_WEAK = YES;
				CLANG_WARN_BLOCK_CAPTURE_AUTORELEASING = YES;
				CLANG_WARN_BOOL_CONVERSION = YES;
				CLANG_WARN_COMMA = YES;
				CLANG_WARN_CONSTANT_CONVERSION = YES;
				CLANG_WARN_DEPRECATED_OBJC_IMPLEMENTATIONS = YES;
				CLANG_WARN_DIRECT_OBJC_ISA_USAGE = YES_ERROR;
				CLANG_WARN_DOCUMENTATION_COMMENTS = YES;
				CLANG_WARN_EMPTY_BODY = YES;
				CLANG_WARN_ENUM_CONVERSION = YES;
				CLANG_WARN_INFINITE_RECURSION = YES;
				CLANG_WARN_INT_CONVERSION = YES;
				CLANG_WARN_NON_LITERAL_NULL_CONVERSION = YES;
				CLANG_WARN_OBJC_IMPLICIT_RETAIN_SELF = YES;
				CLANG_WARN_OBJC_LITERAL_CONVERSION = YES;
				CLANG_WARN_OBJC_ROOT_CLASS = YES_ERROR;
				CLANG_WARN_QUOTED_INCLUDE_IN_FRAMEWORK_HEADER = YES;
				CLANG_WARN_RANGE_LOOP_ANALYSIS = YES;
				CLANG_WARN_STRICT_PROTOTYPES = YES;
				CLANG_WARN_SUSPICIOUS_MOVE = YES;
				CLANG_WARN_UNGUARDED_AVAILABILITY = YES_AGGRESSIVE;
				CLANG_WARN_UNREACHABLE_CODE = YES;
				CLANG_WARN__DUPLICATE_METHOD_MATCH = YES;
				COPY_PHASE_STRIP = NO;
				DEBUG_INFORMATION_FORMAT = "dwarf-with-dsym";
				ENABLE_NS_ASSERTIONS = NO;
				ENABLE_STRICT_OBJC_MSGSEND = YES;
				GCC_C_LANGUAGE_STANDARD = gnu11;
				GCC_NO_COMMON_BLOCKS = YES;
				GCC_WARN_64_TO_32_BIT_CONVERSION = YES;
				GCC_WARN_ABOUT_RETURN_TYPE = YES_ERROR;
				GCC_WARN_UNDECLARED_SELECTOR = YES;
				GCC_WARN_UNINITIALIZED_AUTOS = YES_AGGRESSIVE;
				GCC_WARN_UNUSED_FUNCTION = YES;
				GCC_WARN_UNUSED_VARIABLE = YES;
				IPHONEOS_DEPLOYMENT_TARGET = 14.5;
				MTL_ENABLE_DEBUG_INFO = NO;
				MTL_FAST_MATH = YES;
				SDKROOT = iphoneos;
				SWIFT_COMPILATION_MODE = wholemodule;
				SWIFT_OPTIMIZATION_LEVEL = "-O";
				VALIDATE_PRODUCT = YES;
			};
			name = Release;
		};
		175594D726F8B43600B1F767 /* Debug */ = {
			isa = XCBuildConfiguration;
			baseConfigurationReference = C0188D3547FD3CA1CEAB1955 /* Pods-Tienda.debug.xcconfig */;
			buildSettings = {
				ASSETCATALOG_COMPILER_APPICON_NAME = AppIcon;
				ASSETCATALOG_COMPILER_GLOBAL_ACCENT_COLOR_NAME = AccentColor;
				CODE_SIGN_STYLE = Automatic;
				INFOPLIST_FILE = Tienda/Info.plist;
				LD_RUNPATH_SEARCH_PATHS = (
					"$(inherited)",
					"@executable_path/Frameworks",
				);
				PRODUCT_BUNDLE_IDENTIFIER = com.isalfo.Tienda;
				PRODUCT_NAME = "$(TARGET_NAME)";
				SWIFT_VERSION = 5.0;
				TARGETED_DEVICE_FAMILY = "1,2";
			};
			name = Debug;
		};
		175594D826F8B43600B1F767 /* Release */ = {
			isa = XCBuildConfiguration;
			baseConfigurationReference = 19216ECA7282E35E0220D677 /* Pods-Tienda.release.xcconfig */;
			buildSettings = {
				ASSETCATALOG_COMPILER_APPICON_NAME = AppIcon;
				ASSETCATALOG_COMPILER_GLOBAL_ACCENT_COLOR_NAME = AccentColor;
				CODE_SIGN_STYLE = Automatic;
				INFOPLIST_FILE = Tienda/Info.plist;
				LD_RUNPATH_SEARCH_PATHS = (
					"$(inherited)",
					"@executable_path/Frameworks",
				);
				PRODUCT_BUNDLE_IDENTIFIER = com.isalfo.Tienda;
				PRODUCT_NAME = "$(TARGET_NAME)";
				SWIFT_VERSION = 5.0;
				TARGETED_DEVICE_FAMILY = "1,2";
			};
			name = Release;
		};
		175594EF26F8B45500B1F767 /* Debug */ = {
			isa = XCBuildConfiguration;
			baseConfigurationReference = CC3918DB1F687A604BCDE375 /* Pods-TiendaAdmin.debug.xcconfig */;
			buildSettings = {
				ASSETCATALOG_COMPILER_APPICON_NAME = AppIcon;
				ASSETCATALOG_COMPILER_GLOBAL_ACCENT_COLOR_NAME = AccentColor;
				CODE_SIGN_STYLE = Automatic;
				INFOPLIST_FILE = TiendaAdmin/Info.plist;
				LD_RUNPATH_SEARCH_PATHS = (
					"$(inherited)",
					"@executable_path/Frameworks",
				);
				PRODUCT_BUNDLE_IDENTIFIER = com.isalfo.TiendaAdmin;
				PRODUCT_NAME = "$(TARGET_NAME)";
				SWIFT_VERSION = 5.0;
				TARGETED_DEVICE_FAMILY = "1,2";
			};
			name = Debug;
		};
		175594F026F8B45500B1F767 /* Release */ = {
			isa = XCBuildConfiguration;
			baseConfigurationReference = D3A6DD28B0F8524D27BC11E5 /* Pods-TiendaAdmin.release.xcconfig */;
			buildSettings = {
				ASSETCATALOG_COMPILER_APPICON_NAME = AppIcon;
				ASSETCATALOG_COMPILER_GLOBAL_ACCENT_COLOR_NAME = AccentColor;
				CODE_SIGN_STYLE = Automatic;
				INFOPLIST_FILE = TiendaAdmin/Info.plist;
				LD_RUNPATH_SEARCH_PATHS = (
					"$(inherited)",
					"@executable_path/Frameworks",
				);
				PRODUCT_BUNDLE_IDENTIFIER = com.isalfo.TiendaAdmin;
				PRODUCT_NAME = "$(TARGET_NAME)";
				SWIFT_VERSION = 5.0;
				TARGETED_DEVICE_FAMILY = "1,2";
			};
			name = Release;
		};
/* End XCBuildConfiguration section */

/* Begin XCConfigurationList section */
		175594BD26F8B43500B1F767 /* Build configuration list for PBXProject "Tienda" */ = {
			isa = XCConfigurationList;
			buildConfigurations = (
				175594D426F8B43600B1F767 /* Debug */,
				175594D526F8B43600B1F767 /* Release */,
			);
			defaultConfigurationIsVisible = 0;
			defaultConfigurationName = Release;
		};
		175594D626F8B43600B1F767 /* Build configuration list for PBXNativeTarget "Tienda" */ = {
			isa = XCConfigurationList;
			buildConfigurations = (
				175594D726F8B43600B1F767 /* Debug */,
				175594D826F8B43600B1F767 /* Release */,
			);
			defaultConfigurationIsVisible = 0;
			defaultConfigurationName = Release;
		};
		175594EE26F8B45500B1F767 /* Build configuration list for PBXNativeTarget "TiendaAdmin" */ = {
			isa = XCConfigurationList;
			buildConfigurations = (
				175594EF26F8B45500B1F767 /* Debug */,
				175594F026F8B45500B1F767 /* Release */,
			);
			defaultConfigurationIsVisible = 0;
			defaultConfigurationName = Release;
		};
/* End XCConfigurationList section */

/* Begin XCRemoteSwiftPackageReference section */
		176E6AF226F9318800EADB06 /* XCRemoteSwiftPackageReference "stripe-ios" */ = {
			isa = XCRemoteSwiftPackageReference;
			repositoryURL = "https://github.com/stripe/stripe-ios";
			requirement = {
				kind = upToNextMajorVersion;
				minimumVersion = 21.8.1;
			};
		};
/* End XCRemoteSwiftPackageReference section */

/* Begin XCSwiftPackageProductDependency section */
		176E6AF326F9318800EADB06 /* Stripe */ = {
			isa = XCSwiftPackageProductDependency;
			package = 176E6AF226F9318800EADB06 /* XCRemoteSwiftPackageReference "stripe-ios" */;
			productName = Stripe;
		};
/* End XCSwiftPackageProductDependency section */
	};
	rootObject = 175594BA26F8B43500B1F767 /* Project object */;
}
